
Microsoft Visual Studio Solution File, Format Version 12.00
# Visual Studio 14
VisualStudioVersion = 14.0.23107.0
MinimumVisualStudioVersion = 10.0.40219.1
Project("{FAE04EC0-301F-11D3-BF4B-00C04F79EFBC}") = "Shojy.MigraDocUtils", "src\Shojy.MigraDocUtils\Shojy.MigraDocUtils.csproj", "{3FEADA0A-BAA2-42BC-9DE5-3C24DAA6497E}"
EndProject
Project("{2150E333-8FDC-42A3-9474-1A3956D46DE8}") = ".nuget", ".nuget", "{801166DB-D161-422A-92CB-76D9791CBDC2}"
	ProjectSection(SolutionItems) = preProject
		.nuget\NuGet.Config = .nuget\NuGet.Config
		.nuget\NuGet.exe = .nuget\NuGet.exe
		.nuget\NuGet.targets = .nuget\NuGet.targets
	EndProjectSection
EndProject
Project("{FAE04EC0-301F-11D3-BF4B-00C04F79EFBC}") = "Shojy.MigraDocUtils.Templates", "src\Shojy.MigraDocUtils.Templates\Shojy.MigraDocUtils.Templates.csproj", "{5D2BD1CA-87F1-4DC9-A85C-CF47052DF3FD}"
EndProject
Project("{2150E333-8FDC-42A3-9474-1A3956D46DE8}") = "Tests", "Tests", "{5C103AEB-7857-4097-8AC4-7ECB0B72B418}"
EndProject
Project("{FAE04EC0-301F-11D3-BF4B-00C04F79EFBC}") = "Shojy.MigraDocUtils.Tests", "Tests\Shojy.MigraDocUtils.Tests\Shojy.MigraDocUtils.Tests.csproj", "{7394CAEA-A2CC-42A9-A6FF-B3EEB2AA0B07}"
EndProject
Global
	GlobalSection(SolutionConfigurationPlatforms) = preSolution
		Debug|Any CPU = Debug|Any CPU
		Release|Any CPU = Release|Any CPU
	EndGlobalSection
	GlobalSection(ProjectConfigurationPlatforms) = postSolution
		{3FEADA0A-BAA2-42BC-9DE5-3C24DAA6497E}.Debug|Any CPU.ActiveCfg = Debug|Any CPU
		{3FEADA0A-BAA2-42BC-9DE5-3C24DAA6497E}.Debug|Any CPU.Build.0 = Debug|Any CPU
		{3FEADA0A-BAA2-42BC-9DE5-3C24DAA6497E}.Release|Any CPU.ActiveCfg = Release|Any CPU
		{3FEADA0A-BAA2-42BC-9DE5-3C24DAA6497E}.Release|Any CPU.Build.0 = Release|Any CPU
		{5D2BD1CA-87F1-4DC9-A85C-CF47052DF3FD}.Debug|Any CPU.ActiveCfg = Debug|Any CPU
		{5D2BD1CA-87F1-4DC9-A85C-CF47052DF3FD}.Debug|Any CPU.Build.0 = Debug|Any CPU
		{5D2BD1CA-87F1-4DC9-A85C-CF47052DF3FD}.Release|Any CPU.ActiveCfg = Release|Any CPU
		{5D2BD1CA-87F1-4DC9-A85C-CF47052DF3FD}.Release|Any CPU.Build.0 = Release|Any CPU
		{7394CAEA-A2CC-42A9-A6FF-B3EEB2AA0B07}.Debug|Any CPU.ActiveCfg = Debug|Any CPU
		{7394CAEA-A2CC-42A9-A6FF-B3EEB2AA0B07}.Debug|Any CPU.Build.0 = Debug|Any CPU
		{7394CAEA-A2CC-42A9-A6FF-B3EEB2AA0B07}.Release|Any CPU.ActiveCfg = Release|Any CPU
		{7394CAEA-A2CC-42A9-A6FF-B3EEB2AA0B07}.Release|Any CPU.Build.0 = Release|Any CPU
	EndGlobalSection
	GlobalSection(SolutionProperties) = preSolution
		HideSolutionNode = FALSE
	EndGlobalSection
	GlobalSection(NestedProjects) = preSolution
		{7394CAEA-A2CC-42A9-A6FF-B3EEB2AA0B07} = {5C103AEB-7857-4097-8AC4-7ECB0B72B418}
	EndGlobalSection
EndGlobal
