
Microsoft Visual Studio Solution File, Format Version 12.00
# Visual Studio 2013
VisualStudioVersion = 12.0.40629.0
MinimumVisualStudioVersion = 10.0.40219.1
Project("{FAE04EC0-301F-11D3-BF4B-00C04F79EFBC}") = "Shojy.MigraDocUtils", "src\Shojy.MigraDocUtils\Shojy.MigraDocUtils.csproj", "{3FEADA0A-BAA2-42BC-9DE5-3C24DAA6497E}"
EndProject
Global
	GlobalSection(SolutionConfigurationPlatforms) = preSolution
		Debug|Any CPU = Debug|Any CPU
		Release|Any CPU = Release|Any CPU
	EndGlobalSection
	GlobalSection(ProjectConfigurationPlatforms) = postSolution
		{3FEADA0A-BAA2-42BC-9DE5-3C24DAA6497E}.Debug|Any CPU.ActiveCfg = Debug|Any CPU
		{3FEADA0A-BAA2-42BC-9DE5-3C24DAA6497E}.Debug|Any CPU.Build.0 = Debug|Any CPU
		{3FEADA0A-BAA2-42BC-9DE5-3C24DAA6497E}.Release|Any CPU.ActiveCfg = Release|Any CPU
		{3FEADA0A-BAA2-42BC-9DE5-3C24DAA6497E}.Release|Any CPU.Build.0 = Release|Any CPU
	EndGlobalSection
	GlobalSection(SolutionProperties) = preSolution
		HideSolutionNode = FALSE
	EndGlobalSection
EndGlobal
